
Microsoft Visual Studio Solution File, Format Version 12.00
# Visual Studio Version 16
VisualStudioVersion = 16.0.31410.357
MinimumVisualStudioVersion = 10.0.40219.1
Project("{2150E333-8FDC-42A3-9474-1A3956D46DE8}") = "Services", "Services", "{6F8785A4-11B8-47AA-A642-7E80C437AAC5}"
EndProject
Project("{2150E333-8FDC-42A3-9474-1A3956D46DE8}") = "Catalog", "Catalog", "{D8A728BE-A310-437E-88F8-D8910BC271F4}"
EndProject
Project("{FAE04EC0-301F-11D3-BF4B-00C04F79EFBC}") = "Catalog.API", "Services\Catalog\Catalog.API\Catalog.API.csproj", "{9473B8AD-5F41-416F-B8E0-A716CB031B89}"
EndProject
Global
	GlobalSection(SolutionConfigurationPlatforms) = preSolution
		Debug|Any CPU = Debug|Any CPU
		Release|Any CPU = Release|Any CPU
	EndGlobalSection
	GlobalSection(ProjectConfigurationPlatforms) = postSolution
		{9473B8AD-5F41-416F-B8E0-A716CB031B89}.Debug|Any CPU.ActiveCfg = Debug|Any CPU
		{9473B8AD-5F41-416F-B8E0-A716CB031B89}.Debug|Any CPU.Build.0 = Debug|Any CPU
		{9473B8AD-5F41-416F-B8E0-A716CB031B89}.Release|Any CPU.ActiveCfg = Release|Any CPU
		{9473B8AD-5F41-416F-B8E0-A716CB031B89}.Release|Any CPU.Build.0 = Release|Any CPU
	EndGlobalSection
	GlobalSection(SolutionProperties) = preSolution
		HideSolutionNode = FALSE
	EndGlobalSection
	GlobalSection(NestedProjects) = preSolution
		{D8A728BE-A310-437E-88F8-D8910BC271F4} = {6F8785A4-11B8-47AA-A642-7E80C437AAC5}
		{9473B8AD-5F41-416F-B8E0-A716CB031B89} = {D8A728BE-A310-437E-88F8-D8910BC271F4}
	EndGlobalSection
	GlobalSection(ExtensibilityGlobals) = postSolution
		SolutionGuid = {7E563400-EDF8-4BB5-A7D9-09C456FB2362}
	EndGlobalSection
EndGlobal
